
Microsoft Visual Studio Solution File, Format Version 12.00
# Visual Studio Version 17
VisualStudioVersion = 17.3.32929.385
MinimumVisualStudioVersion = 10.0.40219.1
Project("{9A19103F-16F7-4668-BE54-9A1E7A4F7556}") = "lab5", "lab5\lab5.csproj", "{F7534844-EA23-40C5-9E89-220960CE3CDA}"
EndProject
Project("{9A19103F-16F7-4668-BE54-9A1E7A4F7556}") = "lab5.Domain", "lab5.Domain\lab5.Domain.csproj", "{DC0ACA21-BB59-4716-A8CA-EB2DADADD33F}"
EndProject
Project("{FAE04EC0-301F-11D3-BF4B-00C04F79EFBC}") = "Serializer", "Serializer\Serializer.csproj", "{3B662AF9-1F40-466E-BD34-22AEDB0B52B4}"
	ProjectSection(ProjectDependencies) = postProject
		{DC0ACA21-BB59-4716-A8CA-EB2DADADD33F} = {DC0ACA21-BB59-4716-A8CA-EB2DADADD33F}
	EndProjectSection
EndProject
Project("{2150E333-8FDC-42A3-9474-1A3956D46DE8}") = "Элементы решения", "Элементы решения", "{E57C7327-C3FD-4F25-AC8A-EB5FA569CECC}"
	ProjectSection(SolutionItems) = preProject
		File.json = File.json
		File.xml = File.xml
		FileLINQ.xml = FileLINQ.xml
	EndProjectSection
	ProjectSection(FolderGlobals) = preProject
		D_5_4ИСП_4Новая папка_4File_1json__JsonSchema = https://appsemble.app/api.json
	EndProjectSection
EndProject
Global
	GlobalSection(SolutionConfigurationPlatforms) = preSolution
		Debug|Any CPU = Debug|Any CPU
		Release|Any CPU = Release|Any CPU
	EndGlobalSection
	GlobalSection(ProjectConfigurationPlatforms) = postSolution
		{F7534844-EA23-40C5-9E89-220960CE3CDA}.Debug|Any CPU.ActiveCfg = Debug|Any CPU
		{F7534844-EA23-40C5-9E89-220960CE3CDA}.Debug|Any CPU.Build.0 = Debug|Any CPU
		{F7534844-EA23-40C5-9E89-220960CE3CDA}.Release|Any CPU.ActiveCfg = Release|Any CPU
		{F7534844-EA23-40C5-9E89-220960CE3CDA}.Release|Any CPU.Build.0 = Release|Any CPU
		{DC0ACA21-BB59-4716-A8CA-EB2DADADD33F}.Debug|Any CPU.ActiveCfg = Debug|Any CPU
		{DC0ACA21-BB59-4716-A8CA-EB2DADADD33F}.Debug|Any CPU.Build.0 = Debug|Any CPU
		{DC0ACA21-BB59-4716-A8CA-EB2DADADD33F}.Release|Any CPU.ActiveCfg = Release|Any CPU
		{DC0ACA21-BB59-4716-A8CA-EB2DADADD33F}.Release|Any CPU.Build.0 = Release|Any CPU
		{3B662AF9-1F40-466E-BD34-22AEDB0B52B4}.Debug|Any CPU.ActiveCfg = Debug|Any CPU
		{3B662AF9-1F40-466E-BD34-22AEDB0B52B4}.Debug|Any CPU.Build.0 = Debug|Any CPU
		{3B662AF9-1F40-466E-BD34-22AEDB0B52B4}.Release|Any CPU.ActiveCfg = Release|Any CPU
		{3B662AF9-1F40-466E-BD34-22AEDB0B52B4}.Release|Any CPU.Build.0 = Release|Any CPU
	EndGlobalSection
	GlobalSection(SolutionProperties) = preSolution
		HideSolutionNode = FALSE
	EndGlobalSection
	GlobalSection(ExtensibilityGlobals) = postSolution
		SolutionGuid = {0F0D6BD8-CD44-49E6-A0C1-C9AD4ABB4881}
	EndGlobalSection
EndGlobal
